
Microsoft Visual Studio Solution File, Format Version 12.00
# Visual Studio Version 17
VisualStudioVersion = 17.1.32421.90
MinimumVisualStudioVersion = 10.0.40219.1
Project("{FAE04EC0-301F-11D3-BF4B-00C04F79EFBC}") = "BuildAnywhere", "BuildAnywhere\BuildAnywhere.csproj", "{B8521343-1F02-47CD-98E9-7D0D3E92AF54}"
EndProject
Global
	GlobalSection(SolutionConfigurationPlatforms) = preSolution
		Debug|Any CPU = Debug|Any CPU
		Release|Any CPU = Release|Any CPU
	EndGlobalSection
	GlobalSection(ProjectConfigurationPlatforms) = postSolution
		{B8521343-1F02-47CD-98E9-7D0D3E92AF54}.Debug|Any CPU.ActiveCfg = Debug|Any CPU
		{B8521343-1F02-47CD-98E9-7D0D3E92AF54}.Debug|Any CPU.Build.0 = Debug|Any CPU
		{B8521343-1F02-47CD-98E9-7D0D3E92AF54}.Release|Any CPU.ActiveCfg = Release|Any CPU
		{B8521343-1F02-47CD-98E9-7D0D3E92AF54}.Release|Any CPU.Build.0 = Release|Any CPU
	EndGlobalSection
	GlobalSection(SolutionProperties) = preSolution
		HideSolutionNode = FALSE
	EndGlobalSection
	GlobalSection(ExtensibilityGlobals) = postSolution
		SolutionGuid = {33E18524-1527-4311-B2CA-E2B7435357B9}
	EndGlobalSection
EndGlobal
